
Microsoft Visual Studio Solution File, Format Version 12.00
# Visual Studio 15
VisualStudioVersion = 15.0.27428.2037
MinimumVisualStudioVersion = 10.0.40219.1
Project("{FAE04EC0-301F-11D3-BF4B-00C04F79EFBC}") = "HugoBotWebApplication", "HugoBotWebApplication\HugoBotWebApplication.csproj", "{0BE1AD80-3C26-420B-BED4-73B499B9E5AF}"
EndProject
Project("{FAE04EC0-301F-11D3-BF4B-00C04F79EFBC}") = "HugoBotWebApplication.Tests", "HugoBotWebApplication.Tests\HugoBotWebApplication.Tests.csproj", "{6DFF82ED-B776-4867-BA07-92B21F9EC229}"
EndProject
Global
	GlobalSection(SolutionConfigurationPlatforms) = preSolution
		Debug|Any CPU = Debug|Any CPU
		Release|Any CPU = Release|Any CPU
	EndGlobalSection
	GlobalSection(ProjectConfigurationPlatforms) = postSolution
		{0BE1AD80-3C26-420B-BED4-73B499B9E5AF}.Debug|Any CPU.ActiveCfg = Debug|Any CPU
		{0BE1AD80-3C26-420B-BED4-73B499B9E5AF}.Debug|Any CPU.Build.0 = Debug|Any CPU
		{0BE1AD80-3C26-420B-BED4-73B499B9E5AF}.Release|Any CPU.ActiveCfg = Release|Any CPU
		{0BE1AD80-3C26-420B-BED4-73B499B9E5AF}.Release|Any CPU.Build.0 = Release|Any CPU
		{6DFF82ED-B776-4867-BA07-92B21F9EC229}.Debug|Any CPU.ActiveCfg = Debug|Any CPU
		{6DFF82ED-B776-4867-BA07-92B21F9EC229}.Debug|Any CPU.Build.0 = Debug|Any CPU
		{6DFF82ED-B776-4867-BA07-92B21F9EC229}.Release|Any CPU.ActiveCfg = Release|Any CPU
		{6DFF82ED-B776-4867-BA07-92B21F9EC229}.Release|Any CPU.Build.0 = Release|Any CPU
	EndGlobalSection
	GlobalSection(SolutionProperties) = preSolution
		HideSolutionNode = FALSE
	EndGlobalSection
	GlobalSection(ExtensibilityGlobals) = postSolution
		SolutionGuid = {3779B3C9-BB84-44FA-85E2-03DBA27E2B46}
	EndGlobalSection
EndGlobal
